{
  "name": "@terrylinla/react-native-sketch-canvas",
  "version": "0.8.0",
  "lockfileVersion": 3,
  "requires": true,
  "packages": {
    "": {
      "name": "@terrylinla/react-native-sketch-canvas",
      "version": "0.8.0",
      "license": "MIT",
      "dependencies": {
        "@react-native-community/checkbox": "^0.5.17"
      }
    },
    "node_modules/@react-native-community/checkbox": {
      "version": "0.5.17",
      "resolved": "https://registry.npmjs.org/@react-native-community/checkbox/-/checkbox-0.5.17.tgz",
      "integrity": "sha512-ZZx/eOH3SIxBg+hvA2zRd7lX5zPQEWcZU8C8Dn7WLdpJkiTkPmIUDFHWrmzxCnwZcyoD+BIt6gUZPKGGb9WmeQ==",
      "peerDependencies": {
        "react": "*",
        "react-native": ">= 0.62",
        "react-native-windows": ">=0.62"
      },
      "peerDependenciesMeta": {
        "react-native-windows": {
          "optional": true
        }
      }
    }
  }
}
